
Microsoft Visual Studio Solution File, Format Version 12.00
# Visual Studio Version 16
VisualStudioVersion = 16.0.31424.327
MinimumVisualStudioVersion = 10.0.40219.1
Project("{FAE04EC0-301F-11D3-BF4B-00C04F79EFBC}") = "LinkedLists.Core.Implementation", "LinkedLists.Core.Implementation\LinkedLists.Core.Implementation.csproj", "{8D3734A1-2433-4830-8EF7-88A6E2F521E5}"
EndProject
Project("{FAE04EC0-301F-11D3-BF4B-00C04F79EFBC}") = "LinkedLists.Core.Interfaces", "LinkedLists.Core.Interfaces\LinkedLists.Core.Interfaces.csproj", "{7EC7D083-9587-4E95-8E82-440B57647F29}"
EndProject
Project("{FAE04EC0-301F-11D3-BF4B-00C04F79EFBC}") = "LinkedLists.Core.Implementation.Tests", "LinkedLists.Core.Implementation.Tests\LinkedLists.Core.Implementation.Tests.csproj", "{D92C8ED3-ADAA-4E59-BAF6-D27240D9FE74}"
EndProject
Global
	GlobalSection(SolutionConfigurationPlatforms) = preSolution
		Debug|Any CPU = Debug|Any CPU
		Release|Any CPU = Release|Any CPU
	EndGlobalSection
	GlobalSection(ProjectConfigurationPlatforms) = postSolution
		{8D3734A1-2433-4830-8EF7-88A6E2F521E5}.Debug|Any CPU.ActiveCfg = Debug|Any CPU
		{8D3734A1-2433-4830-8EF7-88A6E2F521E5}.Debug|Any CPU.Build.0 = Debug|Any CPU
		{8D3734A1-2433-4830-8EF7-88A6E2F521E5}.Release|Any CPU.ActiveCfg = Release|Any CPU
		{8D3734A1-2433-4830-8EF7-88A6E2F521E5}.Release|Any CPU.Build.0 = Release|Any CPU
		{7EC7D083-9587-4E95-8E82-440B57647F29}.Debug|Any CPU.ActiveCfg = Debug|Any CPU
		{7EC7D083-9587-4E95-8E82-440B57647F29}.Debug|Any CPU.Build.0 = Debug|Any CPU
		{7EC7D083-9587-4E95-8E82-440B57647F29}.Release|Any CPU.ActiveCfg = Release|Any CPU
		{7EC7D083-9587-4E95-8E82-440B57647F29}.Release|Any CPU.Build.0 = Release|Any CPU
		{D92C8ED3-ADAA-4E59-BAF6-D27240D9FE74}.Debug|Any CPU.ActiveCfg = Debug|Any CPU
		{D92C8ED3-ADAA-4E59-BAF6-D27240D9FE74}.Debug|Any CPU.Build.0 = Debug|Any CPU
		{D92C8ED3-ADAA-4E59-BAF6-D27240D9FE74}.Release|Any CPU.ActiveCfg = Release|Any CPU
		{D92C8ED3-ADAA-4E59-BAF6-D27240D9FE74}.Release|Any CPU.Build.0 = Release|Any CPU
	EndGlobalSection
	GlobalSection(SolutionProperties) = preSolution
		HideSolutionNode = FALSE
	EndGlobalSection
	GlobalSection(ExtensibilityGlobals) = postSolution
		SolutionGuid = {2F41F6EF-1F54-4E51-BEEB-51F3A30D12A1}
	EndGlobalSection
EndGlobal
